
Microsoft Visual Studio Solution File, Format Version 12.00
# Visual Studio Version 17
VisualStudioVersion = 17.4.32804.182
MinimumVisualStudioVersion = 10.0.40219.1
Project("{9A19103F-16F7-4668-BE54-9A1E7A4F7556}") = "KeysShop.Server", "KeysShop\Server\KeysShop.Server.csproj", "{84847EB5-3244-4F88-A9B5-4111FBF6C688}"
	ProjectSection(ProjectDependencies) = postProject
		{3A471D13-CB59-4975-AB46-9D7D8DF711DC} = {3A471D13-CB59-4975-AB46-9D7D8DF711DC}
	EndProjectSection
EndProject
Project("{9A19103F-16F7-4668-BE54-9A1E7A4F7556}") = "KeysShop.Client", "KeysShop\Client\KeysShop.Client.csproj", "{5046FD95-6DBB-4C54-8F88-780AF82FB747}"
	ProjectSection(ProjectDependencies) = postProject
		{391B29CF-D6E4-4DBC-A11B-4011F069C7C9} = {391B29CF-D6E4-4DBC-A11B-4011F069C7C9}
	EndProjectSection
EndProject
Project("{9A19103F-16F7-4668-BE54-9A1E7A4F7556}") = "KeysShop.Shared", "KeysShop\Shared\KeysShop.Shared.csproj", "{2C81599B-D7FE-4C9F-B8F2-28B56DC14718}"
EndProject
Project("{9A19103F-16F7-4668-BE54-9A1E7A4F7556}") = "KeysShop.Core", "KeysShop.Core\KeysShop.Core.csproj", "{391B29CF-D6E4-4DBC-A11B-4011F069C7C9}"
EndProject
Project("{9A19103F-16F7-4668-BE54-9A1E7A4F7556}") = "KeysShop.Repository", "KeysShop.Repository\KeysShop.Repository.csproj", "{3A471D13-CB59-4975-AB46-9D7D8DF711DC}"
EndProject
Global
	GlobalSection(SolutionConfigurationPlatforms) = preSolution
		Debug|Any CPU = Debug|Any CPU
		Release|Any CPU = Release|Any CPU
	EndGlobalSection
	GlobalSection(ProjectConfigurationPlatforms) = postSolution
		{84847EB5-3244-4F88-A9B5-4111FBF6C688}.Debug|Any CPU.ActiveCfg = Debug|Any CPU
		{84847EB5-3244-4F88-A9B5-4111FBF6C688}.Debug|Any CPU.Build.0 = Debug|Any CPU
		{84847EB5-3244-4F88-A9B5-4111FBF6C688}.Release|Any CPU.ActiveCfg = Release|Any CPU
		{84847EB5-3244-4F88-A9B5-4111FBF6C688}.Release|Any CPU.Build.0 = Release|Any CPU
		{5046FD95-6DBB-4C54-8F88-780AF82FB747}.Debug|Any CPU.ActiveCfg = Debug|Any CPU
		{5046FD95-6DBB-4C54-8F88-780AF82FB747}.Debug|Any CPU.Build.0 = Debug|Any CPU
		{5046FD95-6DBB-4C54-8F88-780AF82FB747}.Release|Any CPU.ActiveCfg = Release|Any CPU
		{5046FD95-6DBB-4C54-8F88-780AF82FB747}.Release|Any CPU.Build.0 = Release|Any CPU
		{2C81599B-D7FE-4C9F-B8F2-28B56DC14718}.Debug|Any CPU.ActiveCfg = Debug|Any CPU
		{2C81599B-D7FE-4C9F-B8F2-28B56DC14718}.Debug|Any CPU.Build.0 = Debug|Any CPU
		{2C81599B-D7FE-4C9F-B8F2-28B56DC14718}.Release|Any CPU.ActiveCfg = Release|Any CPU
		{2C81599B-D7FE-4C9F-B8F2-28B56DC14718}.Release|Any CPU.Build.0 = Release|Any CPU
		{391B29CF-D6E4-4DBC-A11B-4011F069C7C9}.Debug|Any CPU.ActiveCfg = Debug|Any CPU
		{391B29CF-D6E4-4DBC-A11B-4011F069C7C9}.Debug|Any CPU.Build.0 = Debug|Any CPU
		{391B29CF-D6E4-4DBC-A11B-4011F069C7C9}.Release|Any CPU.ActiveCfg = Release|Any CPU
		{391B29CF-D6E4-4DBC-A11B-4011F069C7C9}.Release|Any CPU.Build.0 = Release|Any CPU
		{3A471D13-CB59-4975-AB46-9D7D8DF711DC}.Debug|Any CPU.ActiveCfg = Debug|Any CPU
		{3A471D13-CB59-4975-AB46-9D7D8DF711DC}.Debug|Any CPU.Build.0 = Debug|Any CPU
		{3A471D13-CB59-4975-AB46-9D7D8DF711DC}.Release|Any CPU.ActiveCfg = Release|Any CPU
		{3A471D13-CB59-4975-AB46-9D7D8DF711DC}.Release|Any CPU.Build.0 = Release|Any CPU
	EndGlobalSection
	GlobalSection(SolutionProperties) = preSolution
		HideSolutionNode = FALSE
	EndGlobalSection
	GlobalSection(ExtensibilityGlobals) = postSolution
		SolutionGuid = {E76D174A-7C58-4E06-8102-5FD1A24B4542}
	EndGlobalSection
EndGlobal
